
Microsoft Visual Studio Solution File, Format Version 12.00
# Visual Studio Version 17
VisualStudioVersion = 17.8.34330.188
MinimumVisualStudioVersion = 10.0.40219.1
Project("{888888A0-9F3D-457C-B088-3A5042F75D52}") = "teest", "teest\teest.pyproj", "{68264A09-668A-4ADC-8120-87A70AC3E8E4}"
EndProject
Global
	GlobalSection(SolutionConfigurationPlatforms) = preSolution
		Debug|Any CPU = Debug|Any CPU
		Release|Any CPU = Release|Any CPU
	EndGlobalSection
	GlobalSection(ProjectConfigurationPlatforms) = postSolution
		{68264A09-668A-4ADC-8120-87A70AC3E8E4}.Debug|Any CPU.ActiveCfg = Debug|Any CPU
		{68264A09-668A-4ADC-8120-87A70AC3E8E4}.Release|Any CPU.ActiveCfg = Release|Any CPU
	EndGlobalSection
	GlobalSection(SolutionProperties) = preSolution
		HideSolutionNode = FALSE
	EndGlobalSection
	GlobalSection(ExtensibilityGlobals) = postSolution
		SolutionGuid = {C0DEB29D-CC8F-4FBE-888B-08B493C14304}
	EndGlobalSection
EndGlobal
